// !$*UTF8*$!
{
	archiveVersion = 1;
	classes = {
	};
	objectVersion = 50;
	objects = {

/* Begin PBXBuildFile section */
		CAF9A528233CB533005B4EC0 /* AppDelegate.swift in Sources */ = {isa = PBXBuildFile; fileRef = CAF9A527233CB533005B4EC0 /* AppDelegate.swift */; };
		CAF9A52A233CB533005B4EC0 /* SceneDelegate.swift in Sources */ = {isa = PBXBuildFile; fileRef = CAF9A529233CB533005B4EC0 /* SceneDelegate.swift */; };
		CAF9A52C233CB533005B4EC0 /* ViewController.swift in Sources */ = {isa = PBXBuildFile; fileRef = CAF9A52B233CB533005B4EC0 /* ViewController.swift */; };
		CAF9A52F233CB533005B4EC0 /* Main.storyboard in Resources */ = {isa = PBXBuildFile; fileRef = CAF9A52D233CB533005B4EC0 /* Main.storyboard */; };
		CAF9A531233CB534005B4EC0 /* Assets.xcassets in Resources */ = {isa = PBXBuildFile; fileRef = CAF9A530233CB534005B4EC0 /* Assets.xcassets */; };
		CAF9A534233CB534005B4EC0 /* LaunchScreen.storyboard in Resources */ = {isa = PBXBuildFile; fileRef = CAF9A532233CB534005B4EC0 /* LaunchScreen.storyboard */; };
		CAF9A540233CB7DA005B4EC0 /* RSSItem.swift in Sources */ = {isa = PBXBuildFile; fileRef = CAF9A53F233CB7DA005B4EC0 /* RSSItem.swift */; };
		CAF9A543233CB867005B4EC0 /* FeedParser.swift in Sources */ = {isa = PBXBuildFile; fileRef = CAF9A542233CB867005B4EC0 /* FeedParser.swift */; };
/* End PBXBuildFile section */

/* Begin PBXFileReference section */
		CAF9A524233CB533005B4EC0 /* XMLParseExample.app */ = {isa = PBXFileReference; explicitFileType = wrapper.application; includeInIndex = 0; path = XMLParseExample.app; sourceTree = BUILT_PRODUCTS_DIR; };
		CAF9A527233CB533005B4EC0 /* AppDelegate.swift */ = {isa = PBXFileReference; lastKnownFileType = sourcecode.swift; path = AppDelegate.swift; sourceTree = "<group>"; };
		CAF9A529233CB533005B4EC0 /* SceneDelegate.swift */ = {isa = PBXFileReference; lastKnownFileType = sourcecode.swift; path = SceneDelegate.swift; sourceTree = "<group>"; };
		CAF9A52B233CB533005B4EC0 /* ViewController.swift */ = {isa = PBXFileReference; lastKnownFileType = sourcecode.swift; path = ViewController.swift; sourceTree = "<group>"; };
		CAF9A52E233CB533005B4EC0 /* Base */ = {isa = PBXFileReference; lastKnownFileType = file.storyboard; name = Base; path = Base.lproj/Main.storyboard; sourceTree = "<group>"; };
		CAF9A530233CB534005B4EC0 /* Assets.xcassets */ = {isa = PBXFileReference; lastKnownFileType = folder.assetcatalog; path = Assets.xcassets; sourceTree = "<group>"; };
		CAF9A533233CB534005B4EC0 /* Base */ = {isa = PBXFileReference; lastKnownFileType = file.storyboard; name = Base; path = Base.lproj/LaunchScreen.storyboard; sourceTree = "<group>"; };
		CAF9A535233CB534005B4EC0 /* Info.plist */ = {isa = PBXFileReference; lastKnownFileType = text.plist.xml; path = Info.plist; sourceTree = "<group>"; };
		CAF9A53F233CB7DA005B4EC0 /* RSSItem.swift */ = {isa = PBXFileReference; lastKnownFileType = sourcecode.swift; path = RSSItem.swift; sourceTree = "<group>"; };
		CAF9A542233CB867005B4EC0 /* FeedParser.swift */ = {isa = PBXFileReference; lastKnownFileType = sourcecode.swift; path = FeedParser.swift; sourceTree = "<group>"; };
/* End PBXFileReference section */

/* Begin PBXFrameworksBuildPhase section */
		CAF9A521233CB533005B4EC0 /* Frameworks */ = {
			isa = PBXFrameworksBuildPhase;
			buildActionMask = 2147483647;
			files = (
			);
			runOnlyForDeploymentPostprocessing = 0;
		};
/* End PBXFrameworksBuildPhase section */

/* Begin PBXGroup section */
		CAF9A51B233CB533005B4EC0 = {
			isa = PBXGroup;
			children = (
				CAF9A526233CB533005B4EC0 /* XMLParseExample */,
				CAF9A525233CB533005B4EC0 /* Products */,
			);
			sourceTree = "<group>";
		};
		CAF9A525233CB533005B4EC0 /* Products */ = {
			isa = PBXGroup;
			children = (
				CAF9A524233CB533005B4EC0 /* XMLParseExample.app */,
			);
			name = Products;
			sourceTree = "<group>";
		};
		CAF9A526233CB533005B4EC0 /* XMLParseExample */ = {
			isa = PBXGroup;
			children = (
				CAF9A544233CB86B005B4EC0 /* Network */,
				CAF9A541233CB7DE005B4EC0 /* Model */,
				CAF9A53E233CB7C1005B4EC0 /* Controller */,
				CAF9A53C233CB5FC005B4EC0 /* View */,
				CAF9A53D233CB605005B4EC0 /* Support */,
				CAF9A53B233CB5DA005B4EC0 /* HelperDelegate */,
			);
			path = XMLParseExample;
			sourceTree = "<group>";
		};
		CAF9A53B233CB5DA005B4EC0 /* HelperDelegate */ = {
			isa = PBXGroup;
			children = (
				CAF9A527233CB533005B4EC0 /* AppDelegate.swift */,
				CAF9A529233CB533005B4EC0 /* SceneDelegate.swift */,
			);
			path = HelperDelegate;
			sourceTree = "<group>";
		};
		CAF9A53C233CB5FC005B4EC0 /* View */ = {
			isa = PBXGroup;
			children = (
				CAF9A52D233CB533005B4EC0 /* Main.storyboard */,
				CAF9A532233CB534005B4EC0 /* LaunchScreen.storyboard */,
			);
			path = View;
			sourceTree = "<group>";
		};
		CAF9A53D233CB605005B4EC0 /* Support */ = {
			isa = PBXGroup;
			children = (
				CAF9A535233CB534005B4EC0 /* Info.plist */,
				CAF9A530233CB534005B4EC0 /* Assets.xcassets */,
			);
			path = Support;
			sourceTree = "<group>";
		};
		CAF9A53E233CB7C1005B4EC0 /* Controller */ = {
			isa = PBXGroup;
			children = (
				CAF9A52B233CB533005B4EC0 /* ViewController.swift */,
			);
			path = Controller;
			sourceTree = "<group>";
		};
		CAF9A541233CB7DE005B4EC0 /* Model */ = {
			isa = PBXGroup;
			children = (
				CAF9A53F233CB7DA005B4EC0 /* RSSItem.swift */,
			);
			path = Model;
			sourceTree = "<group>";
		};
		CAF9A544233CB86B005B4EC0 /* Network */ = {
			isa = PBXGroup;
			children = (
				CAF9A542233CB867005B4EC0 /* FeedParser.swift */,
			);
			path = Network;
			sourceTree = "<group>";
		};
/* End PBXGroup section */

/* Begin PBXNativeTarget section */
		CAF9A523233CB533005B4EC0 /* XMLParseExample */ = {
			isa = PBXNativeTarget;
			buildConfigurationList = CAF9A538233CB534005B4EC0 /* Build configuration list for PBXNativeTarget "XMLParseExample" */;
			buildPhases = (
				CAF9A520233CB533005B4EC0 /* Sources */,
				CAF9A521233CB533005B4EC0 /* Frameworks */,
				CAF9A522233CB533005B4EC0 /* Resources */,
			);
			buildRules = (
			);
			dependencies = (
			);
			name = XMLParseExample;
			productName = XMLParseExample;
			productReference = CAF9A524233CB533005B4EC0 /* XMLParseExample.app */;
			productType = "com.apple.product-type.application";
		};
/* End PBXNativeTarget section */

/* Begin PBXProject section */
		CAF9A51C233CB533005B4EC0 /* Project object */ = {
			isa = PBXProject;
			attributes = {
				LastSwiftUpdateCheck = 1100;
				LastUpgradeCheck = 1100;
				ORGANIZATIONNAME = "Iurii Popov";
				TargetAttributes = {
					CAF9A523233CB533005B4EC0 = {
						CreatedOnToolsVersion = 11.0;
					};
				};
			};
			buildConfigurationList = CAF9A51F233CB533005B4EC0 /* Build configuration list for PBXProject "XMLParseExample" */;
			compatibilityVersion = "Xcode 9.3";
			developmentRegion = en;
			hasScannedForEncodings = 0;
			knownRegions = (
				en,
				Base,
			);
			mainGroup = CAF9A51B233CB533005B4EC0;
			productRefGroup = CAF9A525233CB533005B4EC0 /* Products */;
			projectDirPath = "";
			projectRoot = "";
			targets = (
				CAF9A523233CB533005B4EC0 /* XMLParseExample */,
			);
		};
/* End PBXProject section */

/* Begin PBXResourcesBuildPhase section */
		CAF9A522233CB533005B4EC0 /* Resources */ = {
			isa = PBXResourcesBuildPhase;
			buildActionMask = 2147483647;
			files = (
				CAF9A534233CB534005B4EC0 /* LaunchScreen.storyboard in Resources */,
				CAF9A531233CB534005B4EC0 /* Assets.xcassets in Resources */,
				CAF9A52F233CB533005B4EC0 /* Main.storyboard in Resources */,
			);
			runOnlyForDeploymentPostprocessing = 0;
		};
/* End PBXResourcesBuildPhase section */

/* Begin PBXSourcesBuildPhase section */
		CAF9A520233CB533005B4EC0 /* Sources */ = {
			isa = PBXSourcesBuildPhase;
			buildActionMask = 2147483647;
			files = (
				CAF9A52C233CB533005B4EC0 /* ViewController.swift in Sources */,
				CAF9A528233CB533005B4EC0 /* AppDelegate.swift in Sources */,
				CAF9A52A233CB533005B4EC0 /* SceneDelegate.swift in Sources */,
				CAF9A540233CB7DA005B4EC0 /* RSSItem.swift in Sources */,
				CAF9A543233CB867005B4EC0 /* FeedParser.swift in Sources */,
			);
			runOnlyForDeploymentPostprocessing = 0;
		};
/* End PBXSourcesBuildPhase section */

/* Begin PBXVariantGroup section */
		CAF9A52D233CB533005B4EC0 /* Main.storyboard */ = {
			isa = PBXVariantGroup;
			children = (
				CAF9A52E233CB533005B4EC0 /* Base */,
			);
			name = Main.storyboard;
			sourceTree = "<group>";
		};
		CAF9A532233CB534005B4EC0 /* LaunchScreen.storyboard */ = {
			isa = PBXVariantGroup;
			children = (
				CAF9A533233CB534005B4EC0 /* Base */,
			);
			name = LaunchScreen.storyboard;
			sourceTree = "<group>";
		};
/* End PBXVariantGroup section */

/* Begin XCBuildConfiguration section */
		CAF9A536233CB534005B4EC0 /* Debug */ = {
			isa = XCBuildConfiguration;
			buildSettings = {
				ALWAYS_SEARCH_USER_PATHS = NO;
				CLANG_ANALYZER_NONNULL = YES;
				CLANG_ANALYZER_NUMBER_OBJECT_CONVERSION = YES_AGGRESSIVE;
				CLANG_CXX_LANGUAGE_STANDARD = "gnu++14";
				CLANG_CXX_LIBRARY = "libc++";
				CLANG_ENABLE_MODULES = YES;
				CLANG_ENABLE_OBJC_ARC = YES;
				CLANG_ENABLE_OBJC_WEAK = YES;
				CLANG_WARN_BLOCK_CAPTURE_AUTORELEASING = YES;
				CLANG_WARN_BOOL_CONVERSION = YES;
				CLANG_WARN_COMMA = YES;
				CLANG_WARN_CONSTANT_CONVERSION = YES;
				CLANG_WARN_DEPRECATED_OBJC_IMPLEMENTATIONS = YES;
				CLANG_WARN_DIRECT_OBJC_ISA_USAGE = YES_ERROR;
				CLANG_WARN_DOCUMENTATION_COMMENTS = YES;
				CLANG_WARN_EMPTY_BODY = YES;
				CLANG_WARN_ENUM_CONVERSION = YES;
				CLANG_WARN_INFINITE_RECURSION = YES;
				CLANG_WARN_INT_CONVERSION = YES;
				CLANG_WARN_NON_LITERAL_NULL_CONVERSION = YES;
				CLANG_WARN_OBJC_IMPLICIT_RETAIN_SELF = YES;
				CLANG_WARN_OBJC_LITERAL_CONVERSION = YES;
				CLANG_WARN_OBJC_ROOT_CLASS = YES_ERROR;
				CLANG_WARN_RANGE_LOOP_ANALYSIS = YES;
				CLANG_WARN_STRICT_PROTOTYPES = YES;
				CLANG_WARN_SUSPICIOUS_MOVE = YES;
				CLANG_WARN_UNGUARDED_AVAILABILITY = YES_AGGRESSIVE;
				CLANG_WARN_UNREACHABLE_CODE = YES;
				CLANG_WARN__DUPLICATE_METHOD_MATCH = YES;
				COPY_PHASE_STRIP = NO;
				DEBUG_INFORMATION_FORMAT = dwarf;
				ENABLE_STRICT_OBJC_MSGSEND = YES;
				ENABLE_TESTABILITY = YES;
				GCC_C_LANGUAGE_STANDARD = gnu11;
				GCC_DYNAMIC_NO_PIC = NO;
				GCC_NO_COMMON_BLOCKS = YES;
				GCC_OPTIMIZATION_LEVEL = 0;
				GCC_PREPROCESSOR_DEFINITIONS = (
					"DEBUG=1",
					"$(inherited)",
				);
				GCC_WARN_64_TO_32_BIT_CONVERSION = YES;
				GCC_WARN_ABOUT_RETURN_TYPE = YES_ERROR;
				GCC_WARN_UNDECLARED_SELECTOR = YES;
				GCC_WARN_UNINITIALIZED_AUTOS = YES_AGGRESSIVE;
				GCC_WARN_UNUSED_FUNCTION = YES;
				GCC_WARN_UNUSED_VARIABLE = YES;
				IPHONEOS_DEPLOYMENT_TARGET = 13.0;
				MTL_ENABLE_DEBUG_INFO = INCLUDE_SOURCE;
				MTL_FAST_MATH = YES;
				ONLY_ACTIVE_ARCH = YES;
				SDKROOT = iphoneos;
				SWIFT_ACTIVE_COMPILATION_CONDITIONS = DEBUG;
				SWIFT_OPTIMIZATION_LEVEL = "-Onone";
			};
			name = Debug;
		};
		CAF9A537233CB534005B4EC0 /* Release */ = {
			isa = XCBuildConfiguration;
			buildSettings = {
				ALWAYS_SEARCH_USER_PATHS = NO;
				CLANG_ANALYZER_NONNULL = YES;
				CLANG_ANALYZER_NUMBER_OBJECT_CONVERSION = YES_AGGRESSIVE;
				CLANG_CXX_LANGUAGE_STANDARD = "gnu++14";
				CLANG_CXX_LIBRARY = "libc++";
				CLANG_ENABLE_MODULES = YES;
				CLANG_ENABLE_OBJC_ARC = YES;
				CLANG_ENABLE_OBJC_WEAK = YES;
				CLANG_WARN_BLOCK_CAPTURE_AUTORELEASING = YES;
				CLANG_WARN_BOOL_CONVERSION = YES;
				CLANG_WARN_COMMA = YES;
				CLANG_WARN_CONSTANT_CONVERSION = YES;
				CLANG_WARN_DEPRECATED_OBJC_IMPLEMENTATIONS = YES;
				CLANG_WARN_DIRECT_OBJC_ISA_USAGE = YES_ERROR;
				CLANG_WARN_DOCUMENTATION_COMMENTS = YES;
				CLANG_WARN_EMPTY_BODY = YES;
				CLANG_WARN_ENUM_CONVERSION = YES;
				CLANG_WARN_INFINITE_RECURSION = YES;
				CLANG_WARN_INT_CONVERSION = YES;
				CLANG_WARN_NON_LITERAL_NULL_CONVERSION = YES;
				CLANG_WARN_OBJC_IMPLICIT_RETAIN_SELF = YES;
				CLANG_WARN_OBJC_LITERAL_CONVERSION = YES;
				CLANG_WARN_OBJC_ROOT_CLASS = YES_ERROR;
				CLANG_WARN_RANGE_LOOP_ANALYSIS = YES;
				CLANG_WARN_STRICT_PROTOTYPES = YES;
				CLANG_WARN_SUSPICIOUS_MOVE = YES;
				CLANG_WARN_UNGUARDED_AVAILABILITY = YES_AGGRESSIVE;
				CLANG_WARN_UNREACHABLE_CODE = YES;
				CLANG_WARN__DUPLICATE_METHOD_MATCH = YES;
				COPY_PHASE_STRIP = NO;
				DEBUG_INFORMATION_FORMAT = "dwarf-with-dsym";
				ENABLE_NS_ASSERTIONS = NO;
				ENABLE_STRICT_OBJC_MSGSEND = YES;
				GCC_C_LANGUAGE_STANDARD = gnu11;
				GCC_NO_COMMON_BLOCKS = YES;
				GCC_WARN_64_TO_32_BIT_CONVERSION = YES;
				GCC_WARN_ABOUT_RETURN_TYPE = YES_ERROR;
				GCC_WARN_UNDECLARED_SELECTOR = YES;
				GCC_WARN_UNINITIALIZED_AUTOS = YES_AGGRESSIVE;
				GCC_WARN_UNUSED_FUNCTION = YES;
				GCC_WARN_UNUSED_VARIABLE = YES;
				IPHONEOS_DEPLOYMENT_TARGET = 13.0;
				MTL_ENABLE_DEBUG_INFO = NO;
				MTL_FAST_MATH = YES;
				SDKROOT = iphoneos;
				SWIFT_COMPILATION_MODE = wholemodule;
				SWIFT_OPTIMIZATION_LEVEL = "-O";
				VALIDATE_PRODUCT = YES;
			};
			name = Release;
		};
		CAF9A539233CB534005B4EC0 /* Debug */ = {
			isa = XCBuildConfiguration;
			buildSettings = {
				ASSETCATALOG_COMPILER_APPICON_NAME = AppIcon;
				CODE_SIGN_STYLE = Automatic;
				CURRENT_PROJECT_VERSION = 1;
				DEVELOPMENT_TEAM = 54SGD4HVN5;
				INFOPLIST_FILE = XMLParseExample/Support/Info.plist;
				LD_RUNPATH_SEARCH_PATHS = (
					"$(inherited)",
					"@executable_path/Frameworks",
				);
				MARKETING_VERSION = 1.0;
				PRODUCT_BUNDLE_IDENTIFIER = com.IuriiPopov.XMLParseExample;
				PRODUCT_NAME = "$(TARGET_NAME)";
				SWIFT_VERSION = 5.0;
				TARGETED_DEVICE_FAMILY = 1;
			};
			name = Debug;
		};
		CAF9A53A233CB534005B4EC0 /* Release */ = {
			isa = XCBuildConfiguration;
			buildSettings = {
				ASSETCATALOG_COMPILER_APPICON_NAME = AppIcon;
				CODE_SIGN_STYLE = Automatic;
				CURRENT_PROJECT_VERSION = 1;
				DEVELOPMENT_TEAM = 54SGD4HVN5;
				INFOPLIST_FILE = XMLParseExample/Support/Info.plist;
				LD_RUNPATH_SEARCH_PATHS = (
					"$(inherited)",
					"@executable_path/Frameworks",
				);
				MARKETING_VERSION = 1.0;
				PRODUCT_BUNDLE_IDENTIFIER = com.IuriiPopov.XMLParseExample;
				PRODUCT_NAME = "$(TARGET_NAME)";
				SWIFT_VERSION = 5.0;
				TARGETED_DEVICE_FAMILY = 1;
			};
			name = Release;
		};
/* End XCBuildConfiguration section */

/* Begin XCConfigurationList section */
		CAF9A51F233CB533005B4EC0 /* Build configuration list for PBXProject "XMLParseExample" */ = {
			isa = XCConfigurationList;
			buildConfigurations = (
				CAF9A536233CB534005B4EC0 /* Debug */,
				CAF9A537233CB534005B4EC0 /* Release */,
			);
			defaultConfigurationIsVisible = 0;
			defaultConfigurationName = Release;
		};
		CAF9A538233CB534005B4EC0 /* Build configuration list for PBXNativeTarget "XMLParseExample" */ = {
			isa = XCConfigurationList;
			buildConfigurations = (
				CAF9A539233CB534005B4EC0 /* Debug */,
				CAF9A53A233CB534005B4EC0 /* Release */,
			);
			defaultConfigurationIsVisible = 0;
			defaultConfigurationName = Release;
		};
/* End XCConfigurationList section */
	};
	rootObject = CAF9A51C233CB533005B4EC0 /* Project object */;
}
